
Microsoft Visual Studio Solution File, Format Version 12.00
# Visual Studio Version 16
VisualStudioVersion = 16.0.30320.27
MinimumVisualStudioVersion = 10.0.40219.1
Project("{FAE04EC0-301F-11D3-BF4B-00C04F79EFBC}") = "goBackN", "goBackN.csproj", "{9666DB49-CD75-4250-B1DF-BCEDB83222F8}"
EndProject
Global
	GlobalSection(SolutionConfigurationPlatforms) = preSolution
		Debug|Any CPU = Debug|Any CPU
		Release|Any CPU = Release|Any CPU
	EndGlobalSection
	GlobalSection(ProjectConfigurationPlatforms) = postSolution
		{9666DB49-CD75-4250-B1DF-BCEDB83222F8}.Debug|Any CPU.ActiveCfg = Debug|Any CPU
		{9666DB49-CD75-4250-B1DF-BCEDB83222F8}.Debug|Any CPU.Build.0 = Debug|Any CPU
		{9666DB49-CD75-4250-B1DF-BCEDB83222F8}.Release|Any CPU.ActiveCfg = Release|Any CPU
		{9666DB49-CD75-4250-B1DF-BCEDB83222F8}.Release|Any CPU.Build.0 = Release|Any CPU
	EndGlobalSection
	GlobalSection(SolutionProperties) = preSolution
		HideSolutionNode = FALSE
	EndGlobalSection
	GlobalSection(ExtensibilityGlobals) = postSolution
		SolutionGuid = {AB1106DE-EC9E-4AAF-BE61-3B2299B399B7}
	EndGlobalSection
EndGlobal
